
Microsoft Visual Studio Solution File, Format Version 12.00
Project("{FAE04EC0-301F-11D3-BF4B-00C04F79EFBC}") = "KrMicro.Transaction", "KrMicro.Transaction\KrMicro.Transaction.csproj", "{C9B60A1A-62FE-4753-A71A-3D2A54925D98}"
EndProject
Project("{FAE04EC0-301F-11D3-BF4B-00C04F79EFBC}") = "KrMicro.Core", "..\..\perfume\KrMicro.Core\KrMicro.Core.csproj", "{535014FF-C208-41B6-B73E-2272B51CDD5A}"
EndProject
Global
	GlobalSection(SolutionConfigurationPlatforms) = preSolution
		Debug|Any CPU = Debug|Any CPU
		Release|Any CPU = Release|Any CPU
	EndGlobalSection
	GlobalSection(ProjectConfigurationPlatforms) = postSolution
		{C9B60A1A-62FE-4753-A71A-3D2A54925D98}.Debug|Any CPU.ActiveCfg = Debug|Any CPU
		{C9B60A1A-62FE-4753-A71A-3D2A54925D98}.Debug|Any CPU.Build.0 = Debug|Any CPU
		{C9B60A1A-62FE-4753-A71A-3D2A54925D98}.Release|Any CPU.ActiveCfg = Release|Any CPU
		{C9B60A1A-62FE-4753-A71A-3D2A54925D98}.Release|Any CPU.Build.0 = Release|Any CPU
		{535014FF-C208-41B6-B73E-2272B51CDD5A}.Debug|Any CPU.ActiveCfg = Debug|Any CPU
		{535014FF-C208-41B6-B73E-2272B51CDD5A}.Debug|Any CPU.Build.0 = Debug|Any CPU
		{535014FF-C208-41B6-B73E-2272B51CDD5A}.Release|Any CPU.ActiveCfg = Release|Any CPU
		{535014FF-C208-41B6-B73E-2272B51CDD5A}.Release|Any CPU.Build.0 = Release|Any CPU
	EndGlobalSection
EndGlobal
